Microsoft Visual Studio Solution File, Format Version 12.00
# Visual Studio 15
Project("{8BC9CEB8-8B4A-11D0-8D11-00A0C91BC942}") = "Test", "tools\CMake\Test.vcxproj", "{14E6D028-DABB-37E0-9F06-440F3E171B24}"
	ProjectSection(ProjectDependencies) = postProject
		{4BCEFF86-1683-3733-BDE1-54C47B613886} = {4BCEFF86-1683-3733-BDE1-54C47B613886}
		{9146970C-FE0D-3077-86D4-33BE8C48F546} = {9146970C-FE0D-3077-86D4-33BE8C48F546}
		{D6D93E65-5A8F-3C06-85FE-FE3622593398} = {D6D93E65-5A8F-3C06-85FE-FE3622593398}
		{543B2F40-E2B0-3D20-9367-E455435813E1} = {543B2F40-E2B0-3D20-9367-E455435813E1}
		{728C201A-0BAF-388D-AF37-A64F7DFB5FED} = {728C201A-0BAF-388D-AF37-A64F7DFB5FED}
		{13AEA95C-C539-3972-A97E-6EB152709475} = {13AEA95C-C539-3972-A97E-6EB152709475}
	EndProjectSection
EndProject
Project("{8BC9CEB8-8B4A-11D0-8D11-00A0C91BC942}") = "ALL_BUILD", "ALL_BUILD.vcxproj", "{BF48AF03-8DC5-3D64-AE37-1799CF86CD20}"
	ProjectSection(ProjectDependencies) = postProject
		{7ED9D6B3-F9BE-3C03-A35B-968BCBD357C4} = {7ED9D6B3-F9BE-3C03-A35B-968BCBD357C4}
		{14E6D028-DABB-37E0-9F06-440F3E171B24} = {14E6D028-DABB-37E0-9F06-440F3E171B24}
		{4BCEFF86-1683-3733-BDE1-54C47B613886} = {4BCEFF86-1683-3733-BDE1-54C47B613886}
		{1DF22B1E-D452-3B8C-B7DF-29AC40AB1B37} = {1DF22B1E-D452-3B8C-B7DF-29AC40AB1B37}
		{9146970C-FE0D-3077-86D4-33BE8C48F546} = {9146970C-FE0D-3077-86D4-33BE8C48F546}
		{D6D93E65-5A8F-3C06-85FE-FE3622593398} = {D6D93E65-5A8F-3C06-85FE-FE3622593398}
		{543B2F40-E2B0-3D20-9367-E455435813E1} = {543B2F40-E2B0-3D20-9367-E455435813E1}
		{728C201A-0BAF-388D-AF37-A64F7DFB5FED} = {728C201A-0BAF-388D-AF37-A64F7DFB5FED}
		{13AEA95C-C539-3972-A97E-6EB152709475} = {13AEA95C-C539-3972-A97E-6EB152709475}
	EndProjectSection
EndProject
Project("{8BC9CEB8-8B4A-11D0-8D11-00A0C91BC942}") = "INSTALL", "INSTALL.vcxproj", "{E7BD4391-BEB5-3020-92A8-DD4E4F6501C1}"
	ProjectSection(ProjectDependencies) = postProject
		{BF48AF03-8DC5-3D64-AE37-1799CF86CD20} = {BF48AF03-8DC5-3D64-AE37-1799CF86CD20}
		{4BCEFF86-1683-3733-BDE1-54C47B613886} = {4BCEFF86-1683-3733-BDE1-54C47B613886}
	EndProjectSection
EndProject
Project("{8BC9CEB8-8B4A-11D0-8D11-00A0C91BC942}") = "OpenAL", "tools\CMake\openal-soft\OpenAL.vcxproj", "{7ED9D6B3-F9BE-3C03-A35B-968BCBD357C4}"
	ProjectSection(ProjectDependencies) = postProject
		{4BCEFF86-1683-3733-BDE1-54C47B613886} = {4BCEFF86-1683-3733-BDE1-54C47B613886}
		{1DF22B1E-D452-3B8C-B7DF-29AC40AB1B37} = {1DF22B1E-D452-3B8C-B7DF-29AC40AB1B37}
		{13EEEB1D-3584-30E8-87DF-43EDD533E325} = {13EEEB1D-3584-30E8-87DF-43EDD533E325}
	EndProjectSection
EndProject
Project("{8BC9CEB8-8B4A-11D0-8D11-00A0C91BC942}") = "ZERO_CHECK", "ZERO_CHECK.vcxproj", "{4BCEFF86-1683-3733-BDE1-54C47B613886}"
	ProjectSection(ProjectDependencies) = postProject
	EndProjectSection
EndProject
Project("{8BC9CEB8-8B4A-11D0-8D11-00A0C91BC942}") = "common", "tools\CMake\openal-soft\common.vcxproj", "{1DF22B1E-D452-3B8C-B7DF-29AC40AB1B37}"
	ProjectSection(ProjectDependencies) = postProject
		{4BCEFF86-1683-3733-BDE1-54C47B613886} = {4BCEFF86-1683-3733-BDE1-54C47B613886}
	EndProjectSection
EndProject
Project("{8BC9CEB8-8B4A-11D0-8D11-00A0C91BC942}") = "libogg", "tools\CMake\libogg.vcxproj", "{9146970C-FE0D-3077-86D4-33BE8C48F546}"
	ProjectSection(ProjectDependencies) = postProject
		{4BCEFF86-1683-3733-BDE1-54C47B613886} = {4BCEFF86-1683-3733-BDE1-54C47B613886}
	EndProjectSection
EndProject
Project("{8BC9CEB8-8B4A-11D0-8D11-00A0C91BC942}") = "libvorbis", "tools\CMake\libvorbis.vcxproj", "{D6D93E65-5A8F-3C06-85FE-FE3622593398}"
	ProjectSection(ProjectDependencies) = postProject
		{4BCEFF86-1683-3733-BDE1-54C47B613886} = {4BCEFF86-1683-3733-BDE1-54C47B613886}
	EndProjectSection
EndProject
Project("{8BC9CEB8-8B4A-11D0-8D11-00A0C91BC942}") = "ljpeg", "tools\CMake\ljpeg.vcxproj", "{543B2F40-E2B0-3D20-9367-E455435813E1}"
	ProjectSection(ProjectDependencies) = postProject
		{4BCEFF86-1683-3733-BDE1-54C47B613886} = {4BCEFF86-1683-3733-BDE1-54C47B613886}
	EndProjectSection
EndProject
Project("{8BC9CEB8-8B4A-11D0-8D11-00A0C91BC942}") = "lpng", "tools\CMake\lpng.vcxproj", "{728C201A-0BAF-388D-AF37-A64F7DFB5FED}"
	ProjectSection(ProjectDependencies) = postProject
		{4BCEFF86-1683-3733-BDE1-54C47B613886} = {4BCEFF86-1683-3733-BDE1-54C47B613886}
	EndProjectSection
EndProject
Project("{8BC9CEB8-8B4A-11D0-8D11-00A0C91BC942}") = "native-tools", "tools\CMake\openal-soft\native-tools.vcxproj", "{13EEEB1D-3584-30E8-87DF-43EDD533E325}"
	ProjectSection(ProjectDependencies) = postProject
		{4BCEFF86-1683-3733-BDE1-54C47B613886} = {4BCEFF86-1683-3733-BDE1-54C47B613886}
	EndProjectSection
EndProject
Project("{8BC9CEB8-8B4A-11D0-8D11-00A0C91BC942}") = "zlib", "tools\CMake\zlib.vcxproj", "{13AEA95C-C539-3972-A97E-6EB152709475}"
	ProjectSection(ProjectDependencies) = postProject
		{4BCEFF86-1683-3733-BDE1-54C47B613886} = {4BCEFF86-1683-3733-BDE1-54C47B613886}
	EndProjectSection
EndProject
Global
	GlobalSection(SolutionConfigurationPlatforms) = preSolution
		Debug|Win32 = Debug|Win32
		Release|Win32 = Release|Win32
		MinSizeRel|Win32 = MinSizeRel|Win32
		RelWithDebInfo|Win32 = RelWithDebInfo|Win32
	EndGlobalSection
	GlobalSection(ProjectConfigurationPlatforms) = postSolution
		{14E6D028-DABB-37E0-9F06-440F3E171B24}.Debug|Win32.ActiveCfg = Debug|Win32
		{14E6D028-DABB-37E0-9F06-440F3E171B24}.Debug|Win32.Build.0 = Debug|Win32
		{14E6D028-DABB-37E0-9F06-440F3E171B24}.Release|Win32.ActiveCfg = Release|Win32
		{14E6D028-DABB-37E0-9F06-440F3E171B24}.Release|Win32.Build.0 = Release|Win32
		{14E6D028-DABB-37E0-9F06-440F3E171B24}.MinSizeRel|Win32.ActiveCfg = MinSizeRel|Win32
		{14E6D028-DABB-37E0-9F06-440F3E171B24}.MinSizeRel|Win32.Build.0 = MinSizeRel|Win32
		{14E6D028-DABB-37E0-9F06-440F3E171B24}.RelWithDebInfo|Win32.ActiveCfg = RelWithDebInfo|Win32
		{14E6D028-DABB-37E0-9F06-440F3E171B24}.RelWithDebInfo|Win32.Build.0 = RelWithDebInfo|Win32
		{BF48AF03-8DC5-3D64-AE37-1799CF86CD20}.Debug|Win32.ActiveCfg = Debug|Win32
		{BF48AF03-8DC5-3D64-AE37-1799CF86CD20}.Debug|Win32.Build.0 = Debug|Win32
		{BF48AF03-8DC5-3D64-AE37-1799CF86CD20}.Release|Win32.ActiveCfg = Release|Win32
		{BF48AF03-8DC5-3D64-AE37-1799CF86CD20}.Release|Win32.Build.0 = Release|Win32
		{BF48AF03-8DC5-3D64-AE37-1799CF86CD20}.MinSizeRel|Win32.ActiveCfg = MinSizeRel|Win32
		{BF48AF03-8DC5-3D64-AE37-1799CF86CD20}.MinSizeRel|Win32.Build.0 = MinSizeRel|Win32
		{BF48AF03-8DC5-3D64-AE37-1799CF86CD20}.RelWithDebInfo|Win32.ActiveCfg = RelWithDebInfo|Win32
		{BF48AF03-8DC5-3D64-AE37-1799CF86CD20}.RelWithDebInfo|Win32.Build.0 = RelWithDebInfo|Win32
		{E7BD4391-BEB5-3020-92A8-DD4E4F6501C1}.Debug|Win32.ActiveCfg = Debug|Win32
		{E7BD4391-BEB5-3020-92A8-DD4E4F6501C1}.Release|Win32.ActiveCfg = Release|Win32
		{E7BD4391-BEB5-3020-92A8-DD4E4F6501C1}.MinSizeRel|Win32.ActiveCfg = MinSizeRel|Win32
		{E7BD4391-BEB5-3020-92A8-DD4E4F6501C1}.RelWithDebInfo|Win32.ActiveCfg = RelWithDebInfo|Win32
		{7ED9D6B3-F9BE-3C03-A35B-968BCBD357C4}.Debug|Win32.ActiveCfg = Debug|Win32
		{7ED9D6B3-F9BE-3C03-A35B-968BCBD357C4}.Debug|Win32.Build.0 = Debug|Win32
		{7ED9D6B3-F9BE-3C03-A35B-968BCBD357C4}.Release|Win32.ActiveCfg = Release|Win32
		{7ED9D6B3-F9BE-3C03-A35B-968BCBD357C4}.Release|Win32.Build.0 = Release|Win32
		{7ED9D6B3-F9BE-3C03-A35B-968BCBD357C4}.MinSizeRel|Win32.ActiveCfg = MinSizeRel|Win32
		{7ED9D6B3-F9BE-3C03-A35B-968BCBD357C4}.MinSizeRel|Win32.Build.0 = MinSizeRel|Win32
		{7ED9D6B3-F9BE-3C03-A35B-968BCBD357C4}.RelWithDebInfo|Win32.ActiveCfg = RelWithDebInfo|Win32
		{7ED9D6B3-F9BE-3C03-A35B-968BCBD357C4}.RelWithDebInfo|Win32.Build.0 = RelWithDebInfo|Win32
		{4BCEFF86-1683-3733-BDE1-54C47B613886}.Debug|Win32.ActiveCfg = Debug|Win32
		{4BCEFF86-1683-3733-BDE1-54C47B613886}.Debug|Win32.Build.0 = Debug|Win32
		{4BCEFF86-1683-3733-BDE1-54C47B613886}.Release|Win32.ActiveCfg = Release|Win32
		{4BCEFF86-1683-3733-BDE1-54C47B613886}.Release|Win32.Build.0 = Release|Win32
		{4BCEFF86-1683-3733-BDE1-54C47B613886}.MinSizeRel|Win32.ActiveCfg = MinSizeRel|Win32
		{4BCEFF86-1683-3733-BDE1-54C47B613886}.MinSizeRel|Win32.Build.0 = MinSizeRel|Win32
		{4BCEFF86-1683-3733-BDE1-54C47B613886}.RelWithDebInfo|Win32.ActiveCfg = RelWithDebInfo|Win32
		{4BCEFF86-1683-3733-BDE1-54C47B613886}.RelWithDebInfo|Win32.Build.0 = RelWithDebInfo|Win32
		{1DF22B1E-D452-3B8C-B7DF-29AC40AB1B37}.Debug|Win32.ActiveCfg = Debug|Win32
		{1DF22B1E-D452-3B8C-B7DF-29AC40AB1B37}.Debug|Win32.Build.0 = Debug|Win32
		{1DF22B1E-D452-3B8C-B7DF-29AC40AB1B37}.Release|Win32.ActiveCfg = Release|Win32
		{1DF22B1E-D452-3B8C-B7DF-29AC40AB1B37}.Release|Win32.Build.0 = Release|Win32
		{1DF22B1E-D452-3B8C-B7DF-29AC40AB1B37}.MinSizeRel|Win32.ActiveCfg = MinSizeRel|Win32
		{1DF22B1E-D452-3B8C-B7DF-29AC40AB1B37}.MinSizeRel|Win32.Build.0 = MinSizeRel|Win32
		{1DF22B1E-D452-3B8C-B7DF-29AC40AB1B37}.RelWithDebInfo|Win32.ActiveCfg = RelWithDebInfo|Win32
		{1DF22B1E-D452-3B8C-B7DF-29AC40AB1B37}.RelWithDebInfo|Win32.Build.0 = RelWithDebInfo|Win32
		{9146970C-FE0D-3077-86D4-33BE8C48F546}.Debug|Win32.ActiveCfg = Debug|Win32
		{9146970C-FE0D-3077-86D4-33BE8C48F546}.Debug|Win32.Build.0 = Debug|Win32
		{9146970C-FE0D-3077-86D4-33BE8C48F546}.Release|Win32.ActiveCfg = Release|Win32
		{9146970C-FE0D-3077-86D4-33BE8C48F546}.Release|Win32.Build.0 = Release|Win32
		{9146970C-FE0D-3077-86D4-33BE8C48F546}.MinSizeRel|Win32.ActiveCfg = MinSizeRel|Win32
		{9146970C-FE0D-3077-86D4-33BE8C48F546}.MinSizeRel|Win32.Build.0 = MinSizeRel|Win32
		{9146970C-FE0D-3077-86D4-33BE8C48F546}.RelWithDebInfo|Win32.ActiveCfg = RelWithDebInfo|Win32
		{9146970C-FE0D-3077-86D4-33BE8C48F546}.RelWithDebInfo|Win32.Build.0 = RelWithDebInfo|Win32
		{D6D93E65-5A8F-3C06-85FE-FE3622593398}.Debug|Win32.ActiveCfg = Debug|Win32
		{D6D93E65-5A8F-3C06-85FE-FE3622593398}.Debug|Win32.Build.0 = Debug|Win32
		{D6D93E65-5A8F-3C06-85FE-FE3622593398}.Release|Win32.ActiveCfg = Release|Win32
		{D6D93E65-5A8F-3C06-85FE-FE3622593398}.Release|Win32.Build.0 = Release|Win32
		{D6D93E65-5A8F-3C06-85FE-FE3622593398}.MinSizeRel|Win32.ActiveCfg = MinSizeRel|Win32
		{D6D93E65-5A8F-3C06-85FE-FE3622593398}.MinSizeRel|Win32.Build.0 = MinSizeRel|Win32
		{D6D93E65-5A8F-3C06-85FE-FE3622593398}.RelWithDebInfo|Win32.ActiveCfg = RelWithDebInfo|Win32
		{D6D93E65-5A8F-3C06-85FE-FE3622593398}.RelWithDebInfo|Win32.Build.0 = RelWithDebInfo|Win32
		{543B2F40-E2B0-3D20-9367-E455435813E1}.Debug|Win32.ActiveCfg = Debug|Win32
		{543B2F40-E2B0-3D20-9367-E455435813E1}.Debug|Win32.Build.0 = Debug|Win32
		{543B2F40-E2B0-3D20-9367-E455435813E1}.Release|Win32.ActiveCfg = Release|Win32
		{543B2F40-E2B0-3D20-9367-E455435813E1}.Release|Win32.Build.0 = Release|Win32
		{543B2F40-E2B0-3D20-9367-E455435813E1}.MinSizeRel|Win32.ActiveCfg = MinSizeRel|Win32
		{543B2F40-E2B0-3D20-9367-E455435813E1}.MinSizeRel|Win32.Build.0 = MinSizeRel|Win32
		{543B2F40-E2B0-3D20-9367-E455435813E1}.RelWithDebInfo|Win32.ActiveCfg = RelWithDebInfo|Win32
		{543B2F40-E2B0-3D20-9367-E455435813E1}.RelWithDebInfo|Win32.Build.0 = RelWithDebInfo|Win32
		{728C201A-0BAF-388D-AF37-A64F7DFB5FED}.Debug|Win32.ActiveCfg = Debug|Win32
		{728C201A-0BAF-388D-AF37-A64F7DFB5FED}.Debug|Win32.Build.0 = Debug|Win32
		{728C201A-0BAF-388D-AF37-A64F7DFB5FED}.Release|Win32.ActiveCfg = Release|Win32
		{728C201A-0BAF-388D-AF37-A64F7DFB5FED}.Release|Win32.Build.0 = Release|Win32
		{728C201A-0BAF-388D-AF37-A64F7DFB5FED}.MinSizeRel|Win32.ActiveCfg = MinSizeRel|Win32
		{728C201A-0BAF-388D-AF37-A64F7DFB5FED}.MinSizeRel|Win32.Build.0 = MinSizeRel|Win32
		{728C201A-0BAF-388D-AF37-A64F7DFB5FED}.RelWithDebInfo|Win32.ActiveCfg = RelWithDebInfo|Win32
		{728C201A-0BAF-388D-AF37-A64F7DFB5FED}.RelWithDebInfo|Win32.Build.0 = RelWithDebInfo|Win32
		{13EEEB1D-3584-30E8-87DF-43EDD533E325}.Debug|Win32.ActiveCfg = Debug|Win32
		{13EEEB1D-3584-30E8-87DF-43EDD533E325}.Debug|Win32.Build.0 = Debug|Win32
		{13EEEB1D-3584-30E8-87DF-43EDD533E325}.Release|Win32.ActiveCfg = Release|Win32
		{13EEEB1D-3584-30E8-87DF-43EDD533E325}.Release|Win32.Build.0 = Release|Win32
		{13EEEB1D-3584-30E8-87DF-43EDD533E325}.MinSizeRel|Win32.ActiveCfg = MinSizeRel|Win32
		{13EEEB1D-3584-30E8-87DF-43EDD533E325}.MinSizeRel|Win32.Build.0 = MinSizeRel|Win32
		{13EEEB1D-3584-30E8-87DF-43EDD533E325}.RelWithDebInfo|Win32.ActiveCfg = RelWithDebInfo|Win32
		{13EEEB1D-3584-30E8-87DF-43EDD533E325}.RelWithDebInfo|Win32.Build.0 = RelWithDebInfo|Win32
		{13AEA95C-C539-3972-A97E-6EB152709475}.Debug|Win32.ActiveCfg = Debug|Win32
		{13AEA95C-C539-3972-A97E-6EB152709475}.Debug|Win32.Build.0 = Debug|Win32
		{13AEA95C-C539-3972-A97E-6EB152709475}.Release|Win32.ActiveCfg = Release|Win32
		{13AEA95C-C539-3972-A97E-6EB152709475}.Release|Win32.Build.0 = Release|Win32
		{13AEA95C-C539-3972-A97E-6EB152709475}.MinSizeRel|Win32.ActiveCfg = MinSizeRel|Win32
		{13AEA95C-C539-3972-A97E-6EB152709475}.MinSizeRel|Win32.Build.0 = MinSizeRel|Win32
		{13AEA95C-C539-3972-A97E-6EB152709475}.RelWithDebInfo|Win32.ActiveCfg = RelWithDebInfo|Win32
		{13AEA95C-C539-3972-A97E-6EB152709475}.RelWithDebInfo|Win32.Build.0 = RelWithDebInfo|Win32
	EndGlobalSection
	GlobalSection(ExtensibilityGlobals) = postSolution
		SolutionGuid = {93246079-DC01-3271-BA85-6C1E0BDC25B9}
	EndGlobalSection
	GlobalSection(ExtensibilityAddIns) = postSolution
	EndGlobalSection
EndGlobal
