Microsoft Visual Studio Solution File, Format Version 12.00
# Visual Studio 15
Project("{8BC9CEB8-8B4A-11D0-8D11-00A0C91BC942}") = "ALL_BUILD", "ALL_BUILD.vcxproj", "{FF17D393-7576-3CDF-9A31-21F88AB71568}"
	ProjectSection(ProjectDependencies) = postProject
		{4A6D0045-23ED-3C04-B9AD-1E966848263B} = {4A6D0045-23ED-3C04-B9AD-1E966848263B}
		{26407690-DA55-33C4-9400-38267B9DD8E4} = {26407690-DA55-33C4-9400-38267B9DD8E4}
		{4EE1D972-8887-313F-93B9-7BB2CA7EA370} = {4EE1D972-8887-313F-93B9-7BB2CA7EA370}
	EndProjectSection
EndProject
Project("{8BC9CEB8-8B4A-11D0-8D11-00A0C91BC942}") = "ZERO_CHECK", "ZERO_CHECK.vcxproj", "{4A6D0045-23ED-3C04-B9AD-1E966848263B}"
	ProjectSection(ProjectDependencies) = postProject
	EndProjectSection
EndProject
Project("{8BC9CEB8-8B4A-11D0-8D11-00A0C91BC942}") = "bin2h", "bin2h.vcxproj", "{26407690-DA55-33C4-9400-38267B9DD8E4}"
	ProjectSection(ProjectDependencies) = postProject
		{4A6D0045-23ED-3C04-B9AD-1E966848263B} = {4A6D0045-23ED-3C04-B9AD-1E966848263B}
	EndProjectSection
EndProject
Project("{8BC9CEB8-8B4A-11D0-8D11-00A0C91BC942}") = "bsincgen", "bsincgen.vcxproj", "{4EE1D972-8887-313F-93B9-7BB2CA7EA370}"
	ProjectSection(ProjectDependencies) = postProject
		{4A6D0045-23ED-3C04-B9AD-1E966848263B} = {4A6D0045-23ED-3C04-B9AD-1E966848263B}
	EndProjectSection
EndProject
Global
	GlobalSection(SolutionConfigurationPlatforms) = preSolution
		Debug|Win32 = Debug|Win32
		Release|Win32 = Release|Win32
		MinSizeRel|Win32 = MinSizeRel|Win32
		RelWithDebInfo|Win32 = RelWithDebInfo|Win32
	EndGlobalSection
	GlobalSection(ProjectConfigurationPlatforms) = postSolution
		{FF17D393-7576-3CDF-9A31-21F88AB71568}.Debug|Win32.ActiveCfg = Debug|Win32
		{FF17D393-7576-3CDF-9A31-21F88AB71568}.Release|Win32.ActiveCfg = Release|Win32
		{FF17D393-7576-3CDF-9A31-21F88AB71568}.MinSizeRel|Win32.ActiveCfg = MinSizeRel|Win32
		{FF17D393-7576-3CDF-9A31-21F88AB71568}.RelWithDebInfo|Win32.ActiveCfg = RelWithDebInfo|Win32
		{4A6D0045-23ED-3C04-B9AD-1E966848263B}.Debug|Win32.ActiveCfg = Debug|Win32
		{4A6D0045-23ED-3C04-B9AD-1E966848263B}.Debug|Win32.Build.0 = Debug|Win32
		{4A6D0045-23ED-3C04-B9AD-1E966848263B}.Release|Win32.ActiveCfg = Release|Win32
		{4A6D0045-23ED-3C04-B9AD-1E966848263B}.Release|Win32.Build.0 = Release|Win32
		{4A6D0045-23ED-3C04-B9AD-1E966848263B}.MinSizeRel|Win32.ActiveCfg = MinSizeRel|Win32
		{4A6D0045-23ED-3C04-B9AD-1E966848263B}.MinSizeRel|Win32.Build.0 = MinSizeRel|Win32
		{4A6D0045-23ED-3C04-B9AD-1E966848263B}.RelWithDebInfo|Win32.ActiveCfg = RelWithDebInfo|Win32
		{4A6D0045-23ED-3C04-B9AD-1E966848263B}.RelWithDebInfo|Win32.Build.0 = RelWithDebInfo|Win32
		{26407690-DA55-33C4-9400-38267B9DD8E4}.Debug|Win32.ActiveCfg = Debug|Win32
		{26407690-DA55-33C4-9400-38267B9DD8E4}.Debug|Win32.Build.0 = Debug|Win32
		{26407690-DA55-33C4-9400-38267B9DD8E4}.Release|Win32.ActiveCfg = Release|Win32
		{26407690-DA55-33C4-9400-38267B9DD8E4}.Release|Win32.Build.0 = Release|Win32
		{26407690-DA55-33C4-9400-38267B9DD8E4}.MinSizeRel|Win32.ActiveCfg = MinSizeRel|Win32
		{26407690-DA55-33C4-9400-38267B9DD8E4}.MinSizeRel|Win32.Build.0 = MinSizeRel|Win32
		{26407690-DA55-33C4-9400-38267B9DD8E4}.RelWithDebInfo|Win32.ActiveCfg = RelWithDebInfo|Win32
		{26407690-DA55-33C4-9400-38267B9DD8E4}.RelWithDebInfo|Win32.Build.0 = RelWithDebInfo|Win32
		{4EE1D972-8887-313F-93B9-7BB2CA7EA370}.Debug|Win32.ActiveCfg = Debug|Win32
		{4EE1D972-8887-313F-93B9-7BB2CA7EA370}.Debug|Win32.Build.0 = Debug|Win32
		{4EE1D972-8887-313F-93B9-7BB2CA7EA370}.Release|Win32.ActiveCfg = Release|Win32
		{4EE1D972-8887-313F-93B9-7BB2CA7EA370}.Release|Win32.Build.0 = Release|Win32
		{4EE1D972-8887-313F-93B9-7BB2CA7EA370}.MinSizeRel|Win32.ActiveCfg = MinSizeRel|Win32
		{4EE1D972-8887-313F-93B9-7BB2CA7EA370}.MinSizeRel|Win32.Build.0 = MinSizeRel|Win32
		{4EE1D972-8887-313F-93B9-7BB2CA7EA370}.RelWithDebInfo|Win32.ActiveCfg = RelWithDebInfo|Win32
		{4EE1D972-8887-313F-93B9-7BB2CA7EA370}.RelWithDebInfo|Win32.Build.0 = RelWithDebInfo|Win32
	EndGlobalSection
	GlobalSection(ExtensibilityGlobals) = postSolution
		SolutionGuid = {1D3F6CD5-09CB-3581-882C-B56BF24BA84E}
	EndGlobalSection
	GlobalSection(ExtensibilityAddIns) = postSolution
	EndGlobalSection
EndGlobal
