<?xml version="1.0" encoding="utf-8"?>
<Project ToolsVersion="15.0" xmlns="http://schemas.microsoft.com/developer/msbuild/2003">
  <ItemGroup>
    <CustomBuild Include="M:\Torque2DCmake\Projects\Test\cmake\tools\CMake\openal-soft\native-tools\CMakeFiles\56b464ec3f29fae69b23dea2d04830ab\generate.stamp.rule">
      <Filter>CMake Rules</Filter>
    </CustomBuild>
  </ItemGroup>
  <ItemGroup>
    <Filter Include="CMake Rules">
      <UniqueIdentifier>{E50B61A6-ECC3-3BBC-8CDE-2AE73AB63E18}</UniqueIdentifier>
    </Filter>
  </ItemGroup>
</Project>
