<?xml version="1.0" encoding="utf-8"?>
<Project ToolsVersion="15.0" xmlns="http://schemas.microsoft.com/developer/msbuild/2003">
  <ItemGroup>
    <ClCompile Include="M:\Torque2DCmake\engine\lib\libogg\src\bitwise.c">
      <Filter>libogg\src</Filter>
    </ClCompile>
    <ClCompile Include="M:\Torque2DCmake\engine\lib\libogg\src\framing.c">
      <Filter>libogg\src</Filter>
    </ClCompile>
  </ItemGroup>
  <ItemGroup>
    <ClInclude Include="M:\Torque2DCmake\engine\lib\libogg\include\ogg\config_types.h">
      <Filter>libogg\include\ogg</Filter>
    </ClInclude>
    <ClInclude Include="M:\Torque2DCmake\engine\lib\libogg\include\ogg\ogg.h">
      <Filter>libogg\include\ogg</Filter>
    </ClInclude>
    <ClInclude Include="M:\Torque2DCmake\engine\lib\libogg\include\ogg\os_types.h">
      <Filter>libogg\include\ogg</Filter>
    </ClInclude>
  </ItemGroup>
  <ItemGroup>
    <CustomBuild Include="M:\Torque2DCmake\tools\CMake\CMakeLists.txt" />
  </ItemGroup>
  <ItemGroup>
    <Filter Include="libogg">
      <UniqueIdentifier>{191BAD96-F958-3F55-A755-B193192B4B90}</UniqueIdentifier>
    </Filter>
    <Filter Include="libogg\include">
      <UniqueIdentifier>{F60CF2C9-3858-30DE-AD80-F12D3DD733AF}</UniqueIdentifier>
    </Filter>
    <Filter Include="libogg\include\ogg">
      <UniqueIdentifier>{FCAB27EC-37E0-34F1-A298-E028BECE29BC}</UniqueIdentifier>
    </Filter>
    <Filter Include="libogg\src">
      <UniqueIdentifier>{281DE171-298B-399C-9371-0615EC55C56F}</UniqueIdentifier>
    </Filter>
  </ItemGroup>
</Project>
