<?xml version="1.0" encoding="utf-8"?>
<Project ToolsVersion="15.0" xmlns="http://schemas.microsoft.com/developer/msbuild/2003">
  <ItemGroup>
    <ClCompile Include="M:\Torque2DCmake\engine\lib\ljpeg\jcapimin.c">
      <Filter>ljpeg</Filter>
    </ClCompile>
    <ClCompile Include="M:\Torque2DCmake\engine\lib\ljpeg\jcapistd.c">
      <Filter>ljpeg</Filter>
    </ClCompile>
    <ClCompile Include="M:\Torque2DCmake\engine\lib\ljpeg\jccoefct.c">
      <Filter>ljpeg</Filter>
    </ClCompile>
    <ClCompile Include="M:\Torque2DCmake\engine\lib\ljpeg\jccolor.c">
      <Filter>ljpeg</Filter>
    </ClCompile>
    <ClCompile Include="M:\Torque2DCmake\engine\lib\ljpeg\jcdctmgr.c">
      <Filter>ljpeg</Filter>
    </ClCompile>
    <ClCompile Include="M:\Torque2DCmake\engine\lib\ljpeg\jchuff.c">
      <Filter>ljpeg</Filter>
    </ClCompile>
    <ClCompile Include="M:\Torque2DCmake\engine\lib\ljpeg\jcinit.c">
      <Filter>ljpeg</Filter>
    </ClCompile>
    <ClCompile Include="M:\Torque2DCmake\engine\lib\ljpeg\jcmainct.c">
      <Filter>ljpeg</Filter>
    </ClCompile>
    <ClCompile Include="M:\Torque2DCmake\engine\lib\ljpeg\jcmarker.c">
      <Filter>ljpeg</Filter>
    </ClCompile>
    <ClCompile Include="M:\Torque2DCmake\engine\lib\ljpeg\jcmaster.c">
      <Filter>ljpeg</Filter>
    </ClCompile>
    <ClCompile Include="M:\Torque2DCmake\engine\lib\ljpeg\jcomapi.c">
      <Filter>ljpeg</Filter>
    </ClCompile>
    <ClCompile Include="M:\Torque2DCmake\engine\lib\ljpeg\jcparam.c">
      <Filter>ljpeg</Filter>
    </ClCompile>
    <ClCompile Include="M:\Torque2DCmake\engine\lib\ljpeg\jcphuff.c">
      <Filter>ljpeg</Filter>
    </ClCompile>
    <ClCompile Include="M:\Torque2DCmake\engine\lib\ljpeg\jcprepct.c">
      <Filter>ljpeg</Filter>
    </ClCompile>
    <ClCompile Include="M:\Torque2DCmake\engine\lib\ljpeg\jcsample.c">
      <Filter>ljpeg</Filter>
    </ClCompile>
    <ClCompile Include="M:\Torque2DCmake\engine\lib\ljpeg\jctrans.c">
      <Filter>ljpeg</Filter>
    </ClCompile>
    <ClCompile Include="M:\Torque2DCmake\engine\lib\ljpeg\jdapimin.c">
      <Filter>ljpeg</Filter>
    </ClCompile>
    <ClCompile Include="M:\Torque2DCmake\engine\lib\ljpeg\jdapistd.c">
      <Filter>ljpeg</Filter>
    </ClCompile>
    <ClCompile Include="M:\Torque2DCmake\engine\lib\ljpeg\jdatadst.c">
      <Filter>ljpeg</Filter>
    </ClCompile>
    <ClCompile Include="M:\Torque2DCmake\engine\lib\ljpeg\jdatasrc.c">
      <Filter>ljpeg</Filter>
    </ClCompile>
    <ClCompile Include="M:\Torque2DCmake\engine\lib\ljpeg\jdcoefct.c">
      <Filter>ljpeg</Filter>
    </ClCompile>
    <ClCompile Include="M:\Torque2DCmake\engine\lib\ljpeg\jdcolor.c">
      <Filter>ljpeg</Filter>
    </ClCompile>
    <ClCompile Include="M:\Torque2DCmake\engine\lib\ljpeg\jddctmgr.c">
      <Filter>ljpeg</Filter>
    </ClCompile>
    <ClCompile Include="M:\Torque2DCmake\engine\lib\ljpeg\jdhuff.c">
      <Filter>ljpeg</Filter>
    </ClCompile>
    <ClCompile Include="M:\Torque2DCmake\engine\lib\ljpeg\jdinput.c">
      <Filter>ljpeg</Filter>
    </ClCompile>
    <ClCompile Include="M:\Torque2DCmake\engine\lib\ljpeg\jdmainct.c">
      <Filter>ljpeg</Filter>
    </ClCompile>
    <ClCompile Include="M:\Torque2DCmake\engine\lib\ljpeg\jdmarker.c">
      <Filter>ljpeg</Filter>
    </ClCompile>
    <ClCompile Include="M:\Torque2DCmake\engine\lib\ljpeg\jdmaster.c">
      <Filter>ljpeg</Filter>
    </ClCompile>
    <ClCompile Include="M:\Torque2DCmake\engine\lib\ljpeg\jdmerge.c">
      <Filter>ljpeg</Filter>
    </ClCompile>
    <ClCompile Include="M:\Torque2DCmake\engine\lib\ljpeg\jdphuff.c">
      <Filter>ljpeg</Filter>
    </ClCompile>
    <ClCompile Include="M:\Torque2DCmake\engine\lib\ljpeg\jdpostct.c">
      <Filter>ljpeg</Filter>
    </ClCompile>
    <ClCompile Include="M:\Torque2DCmake\engine\lib\ljpeg\jdsample.c">
      <Filter>ljpeg</Filter>
    </ClCompile>
    <ClCompile Include="M:\Torque2DCmake\engine\lib\ljpeg\jdtrans.c">
      <Filter>ljpeg</Filter>
    </ClCompile>
    <ClCompile Include="M:\Torque2DCmake\engine\lib\ljpeg\jerror.c">
      <Filter>ljpeg</Filter>
    </ClCompile>
    <ClCompile Include="M:\Torque2DCmake\engine\lib\ljpeg\jfdctflt.c">
      <Filter>ljpeg</Filter>
    </ClCompile>
    <ClCompile Include="M:\Torque2DCmake\engine\lib\ljpeg\jfdctfst.c">
      <Filter>ljpeg</Filter>
    </ClCompile>
    <ClCompile Include="M:\Torque2DCmake\engine\lib\ljpeg\jfdctint.c">
      <Filter>ljpeg</Filter>
    </ClCompile>
    <ClCompile Include="M:\Torque2DCmake\engine\lib\ljpeg\jidctflt.c">
      <Filter>ljpeg</Filter>
    </ClCompile>
    <ClCompile Include="M:\Torque2DCmake\engine\lib\ljpeg\jidctfst.c">
      <Filter>ljpeg</Filter>
    </ClCompile>
    <ClCompile Include="M:\Torque2DCmake\engine\lib\ljpeg\jidctint.c">
      <Filter>ljpeg</Filter>
    </ClCompile>
    <ClCompile Include="M:\Torque2DCmake\engine\lib\ljpeg\jidctred.c">
      <Filter>ljpeg</Filter>
    </ClCompile>
    <ClCompile Include="M:\Torque2DCmake\engine\lib\ljpeg\jmemmgr.c">
      <Filter>ljpeg</Filter>
    </ClCompile>
    <ClCompile Include="M:\Torque2DCmake\engine\lib\ljpeg\jmemnobs.c">
      <Filter>ljpeg</Filter>
    </ClCompile>
    <ClCompile Include="M:\Torque2DCmake\engine\lib\ljpeg\jquant1.c">
      <Filter>ljpeg</Filter>
    </ClCompile>
    <ClCompile Include="M:\Torque2DCmake\engine\lib\ljpeg\jquant2.c">
      <Filter>ljpeg</Filter>
    </ClCompile>
    <ClCompile Include="M:\Torque2DCmake\engine\lib\ljpeg\jutils.c">
      <Filter>ljpeg</Filter>
    </ClCompile>
  </ItemGroup>
  <ItemGroup>
    <ClInclude Include="M:\Torque2DCmake\engine\lib\ljpeg\jchuff.h">
      <Filter>ljpeg</Filter>
    </ClInclude>
    <ClInclude Include="M:\Torque2DCmake\engine\lib\ljpeg\jconfig.cw.mac.h">
      <Filter>ljpeg</Filter>
    </ClInclude>
    <ClInclude Include="M:\Torque2DCmake\engine\lib\ljpeg\jconfig.cw.win.h">
      <Filter>ljpeg</Filter>
    </ClInclude>
    <ClInclude Include="M:\Torque2DCmake\engine\lib\ljpeg\jconfig.gcc.linux.h">
      <Filter>ljpeg</Filter>
    </ClInclude>
    <ClInclude Include="M:\Torque2DCmake\engine\lib\ljpeg\jconfig.h">
      <Filter>ljpeg</Filter>
    </ClInclude>
    <ClInclude Include="M:\Torque2DCmake\engine\lib\ljpeg\jconfig.vc.win.h">
      <Filter>ljpeg</Filter>
    </ClInclude>
    <ClInclude Include="M:\Torque2DCmake\engine\lib\ljpeg\jdct.h">
      <Filter>ljpeg</Filter>
    </ClInclude>
    <ClInclude Include="M:\Torque2DCmake\engine\lib\ljpeg\jdhuff.h">
      <Filter>ljpeg</Filter>
    </ClInclude>
    <ClInclude Include="M:\Torque2DCmake\engine\lib\ljpeg\jerror.h">
      <Filter>ljpeg</Filter>
    </ClInclude>
    <ClInclude Include="M:\Torque2DCmake\engine\lib\ljpeg\jinclude.h">
      <Filter>ljpeg</Filter>
    </ClInclude>
    <ClInclude Include="M:\Torque2DCmake\engine\lib\ljpeg\jmemsys.h">
      <Filter>ljpeg</Filter>
    </ClInclude>
    <ClInclude Include="M:\Torque2DCmake\engine\lib\ljpeg\jmorecfg.h">
      <Filter>ljpeg</Filter>
    </ClInclude>
    <ClInclude Include="M:\Torque2DCmake\engine\lib\ljpeg\jpegint.h">
      <Filter>ljpeg</Filter>
    </ClInclude>
    <ClInclude Include="M:\Torque2DCmake\engine\lib\ljpeg\jpeglib.h">
      <Filter>ljpeg</Filter>
    </ClInclude>
    <ClInclude Include="M:\Torque2DCmake\engine\lib\ljpeg\jversion.h">
      <Filter>ljpeg</Filter>
    </ClInclude>
  </ItemGroup>
  <ItemGroup>
    <CustomBuild Include="M:\Torque2DCmake\tools\CMake\CMakeLists.txt" />
  </ItemGroup>
  <ItemGroup>
    <Filter Include="ljpeg">
      <UniqueIdentifier>{1E7A57A4-09F7-377C-A88E-40A366F16888}</UniqueIdentifier>
    </Filter>
  </ItemGroup>
</Project>
