<?xml version="1.0" encoding="utf-8"?>
<Project ToolsVersion="15.0" xmlns="http://schemas.microsoft.com/developer/msbuild/2003">
  <ItemGroup>
    <CustomBuild Include="M:\Torque2DCmake\Projects\Test\cmake\CMakeFiles\384bc85ca086792b2ade2513c5f14d79\bin2h.rule">
      <Filter>CMake Rules</Filter>
    </CustomBuild>
    <CustomBuild Include="M:\Torque2DCmake\Projects\Test\cmake\CMakeFiles\e50812a159027ac249e253101718cb0a\native-tools.rule">
      <Filter>CMake Rules</Filter>
    </CustomBuild>
    <CustomBuild Include="M:\Torque2DCmake\engine\lib\openal-soft\CMakeLists.txt" />
  </ItemGroup>
  <ItemGroup>
    <None Include="M:\Torque2DCmake\Projects\Test\cmake\tools\CMake\openal-soft\CMakeFiles\native-tools" />
  </ItemGroup>
  <ItemGroup>
    <Filter Include="CMake Rules">
      <UniqueIdentifier>{84231B6C-F5DB-3FA5-AED6-E485302612E9}</UniqueIdentifier>
    </Filter>
  </ItemGroup>
</Project>
