Microsoft Visual Studio Solution File, Format Version 12.00
# Visual Studio 15
Project("{8BC9CEB8-8B4A-11D0-8D11-00A0C91BC942}") = "ALL_BUILD", "ALL_BUILD.vcxproj", "{BF48AF03-8DC5-3D64-AE37-1799CF86CD20}"
	ProjectSection(ProjectDependencies) = postProject
		{7ED9D6B3-F9BE-3C03-A35B-968BCBD357C4} = {7ED9D6B3-F9BE-3C03-A35B-968BCBD357C4}
		{4BCEFF86-1683-3733-BDE1-54C47B613886} = {4BCEFF86-1683-3733-BDE1-54C47B613886}
		{1DF22B1E-D452-3B8C-B7DF-29AC40AB1B37} = {1DF22B1E-D452-3B8C-B7DF-29AC40AB1B37}
	EndProjectSection
EndProject
Project("{8BC9CEB8-8B4A-11D0-8D11-00A0C91BC942}") = "INSTALL", "INSTALL.vcxproj", "{E7BD4391-BEB5-3020-92A8-DD4E4F6501C1}"
	ProjectSection(ProjectDependencies) = postProject
		{BF48AF03-8DC5-3D64-AE37-1799CF86CD20} = {BF48AF03-8DC5-3D64-AE37-1799CF86CD20}
		{4BCEFF86-1683-3733-BDE1-54C47B613886} = {4BCEFF86-1683-3733-BDE1-54C47B613886}
	EndProjectSection
EndProject
Project("{8BC9CEB8-8B4A-11D0-8D11-00A0C91BC942}") = "OpenAL", "OpenAL.vcxproj", "{7ED9D6B3-F9BE-3C03-A35B-968BCBD357C4}"
	ProjectSection(ProjectDependencies) = postProject
		{4BCEFF86-1683-3733-BDE1-54C47B613886} = {4BCEFF86-1683-3733-BDE1-54C47B613886}
		{1DF22B1E-D452-3B8C-B7DF-29AC40AB1B37} = {1DF22B1E-D452-3B8C-B7DF-29AC40AB1B37}
		{13EEEB1D-3584-30E8-87DF-43EDD533E325} = {13EEEB1D-3584-30E8-87DF-43EDD533E325}
	EndProjectSection
EndProject
Project("{8BC9CEB8-8B4A-11D0-8D11-00A0C91BC942}") = "ZERO_CHECK", "..\..\..\\ZERO_CHECK.vcxproj", "{4BCEFF86-1683-3733-BDE1-54C47B613886}"
	ProjectSection(ProjectDependencies) = postProject
	EndProjectSection
EndProject
Project("{8BC9CEB8-8B4A-11D0-8D11-00A0C91BC942}") = "common", "common.vcxproj", "{1DF22B1E-D452-3B8C-B7DF-29AC40AB1B37}"
	ProjectSection(ProjectDependencies) = postProject
		{4BCEFF86-1683-3733-BDE1-54C47B613886} = {4BCEFF86-1683-3733-BDE1-54C47B613886}
	EndProjectSection
EndProject
Project("{8BC9CEB8-8B4A-11D0-8D11-00A0C91BC942}") = "native-tools", "native-tools.vcxproj", "{13EEEB1D-3584-30E8-87DF-43EDD533E325}"
	ProjectSection(ProjectDependencies) = postProject
		{4BCEFF86-1683-3733-BDE1-54C47B613886} = {4BCEFF86-1683-3733-BDE1-54C47B613886}
	EndProjectSection
EndProject
Global
	GlobalSection(SolutionConfigurationPlatforms) = preSolution
		Debug|Win32 = Debug|Win32
		Release|Win32 = Release|Win32
		MinSizeRel|Win32 = MinSizeRel|Win32
		RelWithDebInfo|Win32 = RelWithDebInfo|Win32
	EndGlobalSection
	GlobalSection(ProjectConfigurationPlatforms) = postSolution
		{BF48AF03-8DC5-3D64-AE37-1799CF86CD20}.Debug|Win32.ActiveCfg = Debug|Win32
		{BF48AF03-8DC5-3D64-AE37-1799CF86CD20}.Debug|Win32.Build.0 = Debug|Win32
		{BF48AF03-8DC5-3D64-AE37-1799CF86CD20}.Release|Win32.ActiveCfg = Release|Win32
		{BF48AF03-8DC5-3D64-AE37-1799CF86CD20}.Release|Win32.Build.0 = Release|Win32
		{BF48AF03-8DC5-3D64-AE37-1799CF86CD20}.MinSizeRel|Win32.ActiveCfg = MinSizeRel|Win32
		{BF48AF03-8DC5-3D64-AE37-1799CF86CD20}.MinSizeRel|Win32.Build.0 = MinSizeRel|Win32
		{BF48AF03-8DC5-3D64-AE37-1799CF86CD20}.RelWithDebInfo|Win32.ActiveCfg = RelWithDebInfo|Win32
		{BF48AF03-8DC5-3D64-AE37-1799CF86CD20}.RelWithDebInfo|Win32.Build.0 = RelWithDebInfo|Win32
		{E7BD4391-BEB5-3020-92A8-DD4E4F6501C1}.Debug|Win32.ActiveCfg = Debug|Win32
		{E7BD4391-BEB5-3020-92A8-DD4E4F6501C1}.Release|Win32.ActiveCfg = Release|Win32
		{E7BD4391-BEB5-3020-92A8-DD4E4F6501C1}.MinSizeRel|Win32.ActiveCfg = MinSizeRel|Win32
		{E7BD4391-BEB5-3020-92A8-DD4E4F6501C1}.RelWithDebInfo|Win32.ActiveCfg = RelWithDebInfo|Win32
		{7ED9D6B3-F9BE-3C03-A35B-968BCBD357C4}.Debug|Win32.ActiveCfg = Debug|Win32
		{7ED9D6B3-F9BE-3C03-A35B-968BCBD357C4}.Debug|Win32.Build.0 = Debug|Win32
		{7ED9D6B3-F9BE-3C03-A35B-968BCBD357C4}.Release|Win32.ActiveCfg = Release|Win32
		{7ED9D6B3-F9BE-3C03-A35B-968BCBD357C4}.Release|Win32.Build.0 = Release|Win32
		{7ED9D6B3-F9BE-3C03-A35B-968BCBD357C4}.MinSizeRel|Win32.ActiveCfg = MinSizeRel|Win32
		{7ED9D6B3-F9BE-3C03-A35B-968BCBD357C4}.MinSizeRel|Win32.Build.0 = MinSizeRel|Win32
		{7ED9D6B3-F9BE-3C03-A35B-968BCBD357C4}.RelWithDebInfo|Win32.ActiveCfg = RelWithDebInfo|Win32
		{7ED9D6B3-F9BE-3C03-A35B-968BCBD357C4}.RelWithDebInfo|Win32.Build.0 = RelWithDebInfo|Win32
		{4BCEFF86-1683-3733-BDE1-54C47B613886}.Debug|Win32.ActiveCfg = Debug|Win32
		{4BCEFF86-1683-3733-BDE1-54C47B613886}.Debug|Win32.Build.0 = Debug|Win32
		{4BCEFF86-1683-3733-BDE1-54C47B613886}.Release|Win32.ActiveCfg = Release|Win32
		{4BCEFF86-1683-3733-BDE1-54C47B613886}.Release|Win32.Build.0 = Release|Win32
		{4BCEFF86-1683-3733-BDE1-54C47B613886}.MinSizeRel|Win32.ActiveCfg = MinSizeRel|Win32
		{4BCEFF86-1683-3733-BDE1-54C47B613886}.MinSizeRel|Win32.Build.0 = MinSizeRel|Win32
		{4BCEFF86-1683-3733-BDE1-54C47B613886}.RelWithDebInfo|Win32.ActiveCfg = RelWithDebInfo|Win32
		{4BCEFF86-1683-3733-BDE1-54C47B613886}.RelWithDebInfo|Win32.Build.0 = RelWithDebInfo|Win32
		{1DF22B1E-D452-3B8C-B7DF-29AC40AB1B37}.Debug|Win32.ActiveCfg = Debug|Win32
		{1DF22B1E-D452-3B8C-B7DF-29AC40AB1B37}.Debug|Win32.Build.0 = Debug|Win32
		{1DF22B1E-D452-3B8C-B7DF-29AC40AB1B37}.Release|Win32.ActiveCfg = Release|Win32
		{1DF22B1E-D452-3B8C-B7DF-29AC40AB1B37}.Release|Win32.Build.0 = Release|Win32
		{1DF22B1E-D452-3B8C-B7DF-29AC40AB1B37}.MinSizeRel|Win32.ActiveCfg = MinSizeRel|Win32
		{1DF22B1E-D452-3B8C-B7DF-29AC40AB1B37}.MinSizeRel|Win32.Build.0 = MinSizeRel|Win32
		{1DF22B1E-D452-3B8C-B7DF-29AC40AB1B37}.RelWithDebInfo|Win32.ActiveCfg = RelWithDebInfo|Win32
		{1DF22B1E-D452-3B8C-B7DF-29AC40AB1B37}.RelWithDebInfo|Win32.Build.0 = RelWithDebInfo|Win32
		{13EEEB1D-3584-30E8-87DF-43EDD533E325}.Debug|Win32.ActiveCfg = Debug|Win32
		{13EEEB1D-3584-30E8-87DF-43EDD533E325}.Debug|Win32.Build.0 = Debug|Win32
		{13EEEB1D-3584-30E8-87DF-43EDD533E325}.Release|Win32.ActiveCfg = Release|Win32
		{13EEEB1D-3584-30E8-87DF-43EDD533E325}.Release|Win32.Build.0 = Release|Win32
		{13EEEB1D-3584-30E8-87DF-43EDD533E325}.MinSizeRel|Win32.ActiveCfg = MinSizeRel|Win32
		{13EEEB1D-3584-30E8-87DF-43EDD533E325}.MinSizeRel|Win32.Build.0 = MinSizeRel|Win32
		{13EEEB1D-3584-30E8-87DF-43EDD533E325}.RelWithDebInfo|Win32.ActiveCfg = RelWithDebInfo|Win32
		{13EEEB1D-3584-30E8-87DF-43EDD533E325}.RelWithDebInfo|Win32.Build.0 = RelWithDebInfo|Win32
	EndGlobalSection
	GlobalSection(ExtensibilityGlobals) = postSolution
		SolutionGuid = {3EED8D16-986B-30C9-8BB5-134FA3ACF530}
	EndGlobalSection
	GlobalSection(ExtensibilityAddIns) = postSolution
	EndGlobalSection
EndGlobal
